Microsoft Visual Studio Solution File, Format Version 12.00
# Visual Studio Version 17
VisualStudioVersion = 17.5.2.0
MinimumVisualStudioVersion = 10.0.40219.1
Project("{FAE04EC0-301F-11D3-BF4B-00C04F79EFBC}") = "daphine", "daphine.csproj", "{8E3FF270-1CF6-829B-E5C5-0F59EF0ED150}"
EndProject
Global
	GlobalSection(SolutionConfigurationPlatforms) = preSolution
		Debug|Any CPU = Debug|Any CPU
		Release|Any CPU = Release|Any CPU
	EndGlobalSection
	GlobalSection(ProjectConfigurationPlatforms) = postSolution
		{8E3FF270-1CF6-829B-E5C5-0F59EF0ED150}.Debug|Any CPU.ActiveCfg = Debug|Any CPU
		{8E3FF270-1CF6-829B-E5C5-0F59EF0ED150}.Debug|Any CPU.Build.0 = Debug|Any CPU
		{8E3FF270-1CF6-829B-E5C5-0F59EF0ED150}.Release|Any CPU.ActiveCfg = Release|Any CPU
		{8E3FF270-1CF6-829B-E5C5-0F59EF0ED150}.Release|Any CPU.Build.0 = Release|Any CPU
	EndGlobalSection
	GlobalSection(SolutionProperties) = preSolution
		HideSolutionNode = FALSE
	EndGlobalSection
	GlobalSection(ExtensibilityGlobals) = postSolution
		SolutionGuid = {85F86282-3C8D-4115-9DF8-E164124FD83C}
	EndGlobalSection
EndGlobal
